
Microsoft Visual Studio Solution File, Format Version 12.00
# Visual Studio Version 17
VisualStudioVersion = 17.0.31919.166
MinimumVisualStudioVersion = 10.0.40219.1
Project("{2150E333-8FDC-42A3-9474-1A3956D46DE8}") = "modules", "modules", "{9A4A26DA-D946-494B-8D78-934303F6CB88}"
EndProject
Project("{2150E333-8FDC-42A3-9474-1A3956D46DE8}") = "core", "core", "{A579A036-E7B0-45F1-845E-DE1D7C9EBDAE}"
EndProject
Project("{9A19103F-16F7-4668-BE54-9A1E7A4F7556}") = "CoreModule.Application", "src\CoreModule\CoreModule.Application\CoreModule.Application.csproj", "{13123B5C-C975-49FE-92C6-F1C4E9186D88}"
EndProject
Project("{9A19103F-16F7-4668-BE54-9A1E7A4F7556}") = "CoreModule.Domain", "src\CoreModule\CoreModule.Domain\CoreModule.Domain.csproj", "{B0426D7F-0DC8-4DCB-BB47-2CECFCDBBA9A}"
EndProject
Project("{9A19103F-16F7-4668-BE54-9A1E7A4F7556}") = "BaseModule.Application.Contracts", "src\BaseModule\BaseModule.Application.Contracts\BaseModule.Application.Contracts.csproj", "{DF7D4942-8099-4B5B-AA45-54F3D0D4EFFC}"
EndProject
Project("{9A19103F-16F7-4668-BE54-9A1E7A4F7556}") = "BaseModule.Application", "src\BaseModule\BaseModule.Application\BaseModule.Application.csproj", "{44FE5F37-16EB-406F-A5B6-E9C63E7BA0E2}"
EndProject
Project("{9A19103F-16F7-4668-BE54-9A1E7A4F7556}") = "BaseModule.Domain", "src\BaseModule\BaseModule.Domain\BaseModule.Domain.csproj", "{E9CC061C-87D0-4A67-9F2B-00268CADE4B6}"
EndProject
Project("{9A19103F-16F7-4668-BE54-9A1E7A4F7556}") = "BaseModule.Persistence", "src\BaseModule\BaseModule.Persistence\BaseModule.Persistence.csproj", "{001CDE48-298E-40C7-985C-847042CD0E56}"
EndProject
Project("{9A19103F-16F7-4668-BE54-9A1E7A4F7556}") = "BaseModule.WebApi", "src\BaseModule\BaseModule.WebApi\BaseModule.WebApi.csproj", "{AA4EA029-0480-47AE-A8A7-334E15BE706A}"
EndProject
Project("{2150E333-8FDC-42A3-9474-1A3956D46DE8}") = "basemodule", "basemodule", "{A2060D5B-A87B-4DC8-A825-4C53E44D7191}"
EndProject
Project("{9A19103F-16F7-4668-BE54-9A1E7A4F7556}") = "CoreModule", "src\CoreModule\CoreModule\CoreModule.csproj", "{561ED48B-31D7-4C8C-9D54-E3A52C4C419B}"
EndProject
Project("{9A19103F-16F7-4668-BE54-9A1E7A4F7556}") = "BaseModule.Domain.Shared", "src\BaseModule\BaseModule.Domain.Shared\BaseModule.Domain.Shared.csproj", "{AD9EDD4D-8B15-49F8-A343-59C12A68E08D}"
EndProject
Project("{2150E333-8FDC-42A3-9474-1A3956D46DE8}") = "src", "src", "{A0ED3698-77B5-408F-9D5B-DEB6C8EDB974}"
EndProject
Project("{2150E333-8FDC-42A3-9474-1A3956D46DE8}") = "test", "test", "{D6EB7458-5D17-4365-B9A7-9826A2B969C4}"
EndProject
Project("{2150E333-8FDC-42A3-9474-1A3956D46DE8}") = "src", "src", "{1042DD71-9422-4CF8-AFDA-206332D7AF7E}"
EndProject
Project("{2150E333-8FDC-42A3-9474-1A3956D46DE8}") = "test", "test", "{258705EE-C488-4813-B26E-D01BB0571452}"
EndProject
Project("{9A19103F-16F7-4668-BE54-9A1E7A4F7556}") = "CoreModule.Tests", "src\CoreModule\CoreModule.Tests\CoreModule.Tests.csproj", "{4A562312-D649-4103-BB07-7B38B7AF0B87}"
EndProject
Project("{9A19103F-16F7-4668-BE54-9A1E7A4F7556}") = "CoreModule.Web", "src\CoreModule\CoreModule.Web\CoreModule.Web.csproj", "{6D76B56F-51D3-4D91-8EF7-BE5AEF9AB624}"
EndProject
Project("{9A19103F-16F7-4668-BE54-9A1E7A4F7556}") = "BaseModule.Infrastructure", "src\BaseModule\BaseModule.Infrastructure\BaseModule.Infrastructure.csproj", "{6D550C7C-BC5D-4CC7-B067-B934B8F6D5D3}"
EndProject
Project("{9A19103F-16F7-4668-BE54-9A1E7A4F7556}") = "BaseModule.Application.Tests", "src\BaseModule\BaseModule.Application.Tests\BaseModule.Application.Tests.csproj", "{7D00204E-70C0-4DB2-8482-B9FCE172165C}"
EndProject
Project("{2150E333-8FDC-42A3-9474-1A3956D46DE8}") = "Solution Items", "Solution Items", "{2B9E45BF-FB0A-4454-90D0-301F374FC428}"
	ProjectSection(SolutionItems) = preProject
		Readme.md = Readme.md
	EndProjectSection
EndProject
Global
	GlobalSection(SolutionConfigurationPlatforms) = preSolution
		Debug|Any CPU = Debug|Any CPU
		Release|Any CPU = Release|Any CPU
	EndGlobalSection
	GlobalSection(ProjectConfigurationPlatforms) = postSolution
		{13123B5C-C975-49FE-92C6-F1C4E9186D88}.Debug|Any CPU.ActiveCfg = Debug|Any CPU
		{13123B5C-C975-49FE-92C6-F1C4E9186D88}.Debug|Any CPU.Build.0 = Debug|Any CPU
		{13123B5C-C975-49FE-92C6-F1C4E9186D88}.Release|Any CPU.ActiveCfg = Release|Any CPU
		{13123B5C-C975-49FE-92C6-F1C4E9186D88}.Release|Any CPU.Build.0 = Release|Any CPU
		{B0426D7F-0DC8-4DCB-BB47-2CECFCDBBA9A}.Debug|Any CPU.ActiveCfg = Debug|Any CPU
		{B0426D7F-0DC8-4DCB-BB47-2CECFCDBBA9A}.Debug|Any CPU.Build.0 = Debug|Any CPU
		{B0426D7F-0DC8-4DCB-BB47-2CECFCDBBA9A}.Release|Any CPU.ActiveCfg = Release|Any CPU
		{B0426D7F-0DC8-4DCB-BB47-2CECFCDBBA9A}.Release|Any CPU.Build.0 = Release|Any CPU
		{DF7D4942-8099-4B5B-AA45-54F3D0D4EFFC}.Debug|Any CPU.ActiveCfg = Debug|Any CPU
		{DF7D4942-8099-4B5B-AA45-54F3D0D4EFFC}.Debug|Any CPU.Build.0 = Debug|Any CPU
		{DF7D4942-8099-4B5B-AA45-54F3D0D4EFFC}.Release|Any CPU.ActiveCfg = Release|Any CPU
		{DF7D4942-8099-4B5B-AA45-54F3D0D4EFFC}.Release|Any CPU.Build.0 = Release|Any CPU
		{44FE5F37-16EB-406F-A5B6-E9C63E7BA0E2}.Debug|Any CPU.ActiveCfg = Debug|Any CPU
		{44FE5F37-16EB-406F-A5B6-E9C63E7BA0E2}.Debug|Any CPU.Build.0 = Debug|Any CPU
		{44FE5F37-16EB-406F-A5B6-E9C63E7BA0E2}.Release|Any CPU.ActiveCfg = Release|Any CPU
		{44FE5F37-16EB-406F-A5B6-E9C63E7BA0E2}.Release|Any CPU.Build.0 = Release|Any CPU
		{E9CC061C-87D0-4A67-9F2B-00268CADE4B6}.Debug|Any CPU.ActiveCfg = Debug|Any CPU
		{E9CC061C-87D0-4A67-9F2B-00268CADE4B6}.Debug|Any CPU.Build.0 = Debug|Any CPU
		{E9CC061C-87D0-4A67-9F2B-00268CADE4B6}.Release|Any CPU.ActiveCfg = Release|Any CPU
		{E9CC061C-87D0-4A67-9F2B-00268CADE4B6}.Release|Any CPU.Build.0 = Release|Any CPU
		{001CDE48-298E-40C7-985C-847042CD0E56}.Debug|Any CPU.ActiveCfg = Debug|Any CPU
		{001CDE48-298E-40C7-985C-847042CD0E56}.Debug|Any CPU.Build.0 = Debug|Any CPU
		{001CDE48-298E-40C7-985C-847042CD0E56}.Release|Any CPU.ActiveCfg = Release|Any CPU
		{001CDE48-298E-40C7-985C-847042CD0E56}.Release|Any CPU.Build.0 = Release|Any CPU
		{AA4EA029-0480-47AE-A8A7-334E15BE706A}.Debug|Any CPU.ActiveCfg = Debug|Any CPU
		{AA4EA029-0480-47AE-A8A7-334E15BE706A}.Debug|Any CPU.Build.0 = Debug|Any CPU
		{AA4EA029-0480-47AE-A8A7-334E15BE706A}.Release|Any CPU.ActiveCfg = Release|Any CPU
		{AA4EA029-0480-47AE-A8A7-334E15BE706A}.Release|Any CPU.Build.0 = Release|Any CPU
		{561ED48B-31D7-4C8C-9D54-E3A52C4C419B}.Debug|Any CPU.ActiveCfg = Debug|Any CPU
		{561ED48B-31D7-4C8C-9D54-E3A52C4C419B}.Debug|Any CPU.Build.0 = Debug|Any CPU
		{561ED48B-31D7-4C8C-9D54-E3A52C4C419B}.Release|Any CPU.ActiveCfg = Release|Any CPU
		{561ED48B-31D7-4C8C-9D54-E3A52C4C419B}.Release|Any CPU.Build.0 = Release|Any CPU
		{AD9EDD4D-8B15-49F8-A343-59C12A68E08D}.Debug|Any CPU.ActiveCfg = Debug|Any CPU
		{AD9EDD4D-8B15-49F8-A343-59C12A68E08D}.Debug|Any CPU.Build.0 = Debug|Any CPU
		{AD9EDD4D-8B15-49F8-A343-59C12A68E08D}.Release|Any CPU.ActiveCfg = Release|Any CPU
		{AD9EDD4D-8B15-49F8-A343-59C12A68E08D}.Release|Any CPU.Build.0 = Release|Any CPU
		{4A562312-D649-4103-BB07-7B38B7AF0B87}.Debug|Any CPU.ActiveCfg = Debug|Any CPU
		{4A562312-D649-4103-BB07-7B38B7AF0B87}.Debug|Any CPU.Build.0 = Debug|Any CPU
		{4A562312-D649-4103-BB07-7B38B7AF0B87}.Release|Any CPU.ActiveCfg = Release|Any CPU
		{4A562312-D649-4103-BB07-7B38B7AF0B87}.Release|Any CPU.Build.0 = Release|Any CPU
		{6D76B56F-51D3-4D91-8EF7-BE5AEF9AB624}.Debug|Any CPU.ActiveCfg = Debug|Any CPU
		{6D76B56F-51D3-4D91-8EF7-BE5AEF9AB624}.Debug|Any CPU.Build.0 = Debug|Any CPU
		{6D76B56F-51D3-4D91-8EF7-BE5AEF9AB624}.Release|Any CPU.ActiveCfg = Release|Any CPU
		{6D76B56F-51D3-4D91-8EF7-BE5AEF9AB624}.Release|Any CPU.Build.0 = Release|Any CPU
		{6D550C7C-BC5D-4CC7-B067-B934B8F6D5D3}.Debug|Any CPU.ActiveCfg = Debug|Any CPU
		{6D550C7C-BC5D-4CC7-B067-B934B8F6D5D3}.Debug|Any CPU.Build.0 = Debug|Any CPU
		{6D550C7C-BC5D-4CC7-B067-B934B8F6D5D3}.Release|Any CPU.ActiveCfg = Release|Any CPU
		{6D550C7C-BC5D-4CC7-B067-B934B8F6D5D3}.Release|Any CPU.Build.0 = Release|Any CPU
		{7D00204E-70C0-4DB2-8482-B9FCE172165C}.Debug|Any CPU.ActiveCfg = Debug|Any CPU
		{7D00204E-70C0-4DB2-8482-B9FCE172165C}.Debug|Any CPU.Build.0 = Debug|Any CPU
		{7D00204E-70C0-4DB2-8482-B9FCE172165C}.Release|Any CPU.ActiveCfg = Release|Any CPU
		{7D00204E-70C0-4DB2-8482-B9FCE172165C}.Release|Any CPU.Build.0 = Release|Any CPU
	EndGlobalSection
	GlobalSection(SolutionProperties) = preSolution
		HideSolutionNode = FALSE
	EndGlobalSection
	GlobalSection(NestedProjects) = preSolution
		{13123B5C-C975-49FE-92C6-F1C4E9186D88} = {1042DD71-9422-4CF8-AFDA-206332D7AF7E}
		{B0426D7F-0DC8-4DCB-BB47-2CECFCDBBA9A} = {1042DD71-9422-4CF8-AFDA-206332D7AF7E}
		{DF7D4942-8099-4B5B-AA45-54F3D0D4EFFC} = {A0ED3698-77B5-408F-9D5B-DEB6C8EDB974}
		{44FE5F37-16EB-406F-A5B6-E9C63E7BA0E2} = {A0ED3698-77B5-408F-9D5B-DEB6C8EDB974}
		{E9CC061C-87D0-4A67-9F2B-00268CADE4B6} = {A0ED3698-77B5-408F-9D5B-DEB6C8EDB974}
		{001CDE48-298E-40C7-985C-847042CD0E56} = {A0ED3698-77B5-408F-9D5B-DEB6C8EDB974}
		{AA4EA029-0480-47AE-A8A7-334E15BE706A} = {A0ED3698-77B5-408F-9D5B-DEB6C8EDB974}
		{A2060D5B-A87B-4DC8-A825-4C53E44D7191} = {9A4A26DA-D946-494B-8D78-934303F6CB88}
		{561ED48B-31D7-4C8C-9D54-E3A52C4C419B} = {1042DD71-9422-4CF8-AFDA-206332D7AF7E}
		{AD9EDD4D-8B15-49F8-A343-59C12A68E08D} = {A0ED3698-77B5-408F-9D5B-DEB6C8EDB974}
		{A0ED3698-77B5-408F-9D5B-DEB6C8EDB974} = {A2060D5B-A87B-4DC8-A825-4C53E44D7191}
		{D6EB7458-5D17-4365-B9A7-9826A2B969C4} = {A2060D5B-A87B-4DC8-A825-4C53E44D7191}
		{1042DD71-9422-4CF8-AFDA-206332D7AF7E} = {A579A036-E7B0-45F1-845E-DE1D7C9EBDAE}
		{258705EE-C488-4813-B26E-D01BB0571452} = {A579A036-E7B0-45F1-845E-DE1D7C9EBDAE}
		{4A562312-D649-4103-BB07-7B38B7AF0B87} = {258705EE-C488-4813-B26E-D01BB0571452}
		{6D76B56F-51D3-4D91-8EF7-BE5AEF9AB624} = {1042DD71-9422-4CF8-AFDA-206332D7AF7E}
		{6D550C7C-BC5D-4CC7-B067-B934B8F6D5D3} = {A0ED3698-77B5-408F-9D5B-DEB6C8EDB974}
		{7D00204E-70C0-4DB2-8482-B9FCE172165C} = {D6EB7458-5D17-4365-B9A7-9826A2B969C4}
	EndGlobalSection
	GlobalSection(ExtensibilityGlobals) = postSolution
		SolutionGuid = {18FFFD96-0778-4D7E-B5B4-B178621A171C}
	EndGlobalSection
EndGlobal
